
Microsoft Visual Studio Solution File, Format Version 12.00
# Visual Studio 15
VisualStudioVersion = 15.0.27130.2027
MinimumVisualStudioVersion = 10.0.40219.1
Project("{FAE04EC0-301F-11D3-BF4B-00C04F79EFBC}") = "WindowsFormsApp2", "WindowsFormsApp2\WindowsFormsApp2.csproj", "{A4D7E83B-6B69-4CED-BC39-70070B7D0B54}"
EndProject
Global
	GlobalSection(SolutionConfigurationPlatforms) = preSolution
		Debug|Any CPU = Debug|Any CPU
		Release|Any CPU = Release|Any CPU
	EndGlobalSection
	GlobalSection(ProjectConfigurationPlatforms) = postSolution
		{A4D7E83B-6B69-4CED-BC39-70070B7D0B54}.Debug|Any CPU.ActiveCfg = Debug|Any CPU
		{A4D7E83B-6B69-4CED-BC39-70070B7D0B54}.Debug|Any CPU.Build.0 = Debug|Any CPU
		{A4D7E83B-6B69-4CED-BC39-70070B7D0B54}.Release|Any CPU.ActiveCfg = Release|Any CPU
		{A4D7E83B-6B69-4CED-BC39-70070B7D0B54}.Release|Any CPU.Build.0 = Release|Any CPU
	EndGlobalSection
	GlobalSection(SolutionProperties) = preSolution
		HideSolutionNode = FALSE
	EndGlobalSection
	GlobalSection(ExtensibilityGlobals) = postSolution
		SolutionGuid = {F3BD2CE4-C7EA-4C36-8934-9F1901D751C8}
	EndGlobalSection
EndGlobal
